// !$*UTF8*$!
{
	archiveVersion = 1;
	classes = {
	};
	objectVersion = 46;
	objects = {

/* Begin PBXBuildFile section */
		B08A9CF350C2929CC7C69BB0 /* libPods-NewDota2.a in Frameworks */ = {isa = PBXBuildFile; fileRef = DCAFD870C0EB5131F84FA211 /* libPods-NewDota2.a */; };
		FD35231B1D27B8F10056CC55 /* mainStoryboard.storyboard in Resources */ = {isa = PBXBuildFile; fileRef = FD35231A1D27B8F10056CC55 /* mainStoryboard.storyboard */; };
		FD3523221D27BAC70056CC55 /* Heros.plist in Resources */ = {isa = PBXBuildFile; fileRef = FD3523211D27BAC70056CC55 /* Heros.plist */; };
		FD3523251D2810040056CC55 /* DetailTableViewController.m in Sources */ = {isa = PBXBuildFile; fileRef = FD3523241D2810040056CC55 /* DetailTableViewController.m */; };
		FD3523281D281BCB0056CC55 /* AbilityCell.m in Sources */ = {isa = PBXBuildFile; fileRef = FD3523271D281BCB0056CC55 /* AbilityCell.m */; };
		FD35232B1D281BE70056CC55 /* BioCell.m in Sources */ = {isa = PBXBuildFile; fileRef = FD35232A1D281BE70056CC55 /* BioCell.m */; };
		FD90722D1D1D6474003CAD5A /* HeroTableViewCell.m in Sources */ = {isa = PBXBuildFile; fileRef = FD90722C1D1D6474003CAD5A /* HeroTableViewCell.m */; };
		FDEFF1A31CE879010062A2B7 /* main.m in Sources */ = {isa = PBXBuildFile; fileRef = FDEFF1A21CE879010062A2B7 /* main.m */; };
		FDEFF1A61CE879010062A2B7 /* AppDelegate.m in Sources */ = {isa = PBXBuildFile; fileRef = FDEFF1A51CE879010062A2B7 /* AppDelegate.m */; };
		FDEFF1AE1CE879010062A2B7 /* Assets.xcassets in Resources */ = {isa = PBXBuildFile; fileRef = FDEFF1AD1CE879010062A2B7 /* Assets.xcassets */; };
		FDEFF1B11CE879010062A2B7 /* LaunchScreen.storyboard in Resources */ = {isa = PBXBuildFile; fileRef = FDEFF1AF1CE879010062A2B7 /* LaunchScreen.storyboard */; };
		FDEFF1BA1CE9FA9F0062A2B7 /* MasterViewController.m in Sources */ = {isa = PBXBuildFile; fileRef = FDEFF1B91CE9FA9F0062A2B7 /* MasterViewController.m */; };
/* End PBXBuildFile section */

/* Begin PBXFileReference section */
		33269D99303A063BDE384D44 /* Pods-NewDota2.debug.xcconfig */ = {isa = PBXFileReference; includeInIndex = 1; lastKnownFileType = text.xcconfig; name = "Pods-NewDota2.debug.xcconfig"; path = "Pods/Target Support Files/Pods-NewDota2/Pods-NewDota2.debug.xcconfig"; sourceTree = "<group>"; };
		C2E7DD3B3D12E4352D998EF2 /* Pods-NewDota2.release.xcconfig */ = {isa = PBXFileReference; includeInIndex = 1; lastKnownFileType = text.xcconfig; name = "Pods-NewDota2.release.xcconfig"; path = "Pods/Target Support Files/Pods-NewDota2/Pods-NewDota2.release.xcconfig"; sourceTree = "<group>"; };
		DCAFD870C0EB5131F84FA211 /* libPods-NewDota2.a */ = {isa = PBXFileReference; explicitFileType = archive.ar; includeInIndex = 0; path = "libPods-NewDota2.a"; sourceTree = BUILT_PRODUCTS_DIR; };
		FD35231A1D27B8F10056CC55 /* mainStoryboard.storyboard */ = {isa = PBXFileReference; fileEncoding = 4; lastKnownFileType = file.storyboard; path = mainStoryboard.storyboard; sourceTree = "<group>"; };
		FD3523211D27BAC70056CC55 /* Heros.plist */ = {isa = PBXFileReference; fileEncoding = 4; lastKnownFileType = text.plist.xml; path = Heros.plist; sourceTree = "<group>"; };
		FD3523231D2810040056CC55 /* DetailTableViewController.h */ = {isa = PBXFileReference; fileEncoding = 4; lastKnownFileType = sourcecode.c.h; path = DetailTableViewController.h; sourceTree = "<group>"; };
		FD3523241D2810040056CC55 /* DetailTableViewController.m */ = {isa = PBXFileReference; fileEncoding = 4; lastKnownFileType = sourcecode.c.objc; path = DetailTableViewController.m; sourceTree = "<group>"; };
		FD3523261D281BCB0056CC55 /* AbilityCell.h */ = {isa = PBXFileReference; fileEncoding = 4; lastKnownFileType = sourcecode.c.h; path = AbilityCell.h; sourceTree = "<group>"; };
		FD3523271D281BCB0056CC55 /* AbilityCell.m */ = {isa = PBXFileReference; fileEncoding = 4; lastKnownFileType = sourcecode.c.objc; path = AbilityCell.m; sourceTree = "<group>"; };
		FD3523291D281BE70056CC55 /* BioCell.h */ = {isa = PBXFileReference; fileEncoding = 4; lastKnownFileType = sourcecode.c.h; path = BioCell.h; sourceTree = "<group>"; };
		FD35232A1D281BE70056CC55 /* BioCell.m */ = {isa = PBXFileReference; fileEncoding = 4; lastKnownFileType = sourcecode.c.objc; path = BioCell.m; sourceTree = "<group>"; };
		FD90722B1D1D6474003CAD5A /* HeroTableViewCell.h */ = {isa = PBXFileReference; fileEncoding = 4; lastKnownFileType = sourcecode.c.h; path = HeroTableViewCell.h; sourceTree = "<group>"; };
		FD90722C1D1D6474003CAD5A /* HeroTableViewCell.m */ = {isa = PBXFileReference; fileEncoding = 4; lastKnownFileType = sourcecode.c.objc; path = HeroTableViewCell.m; sourceTree = "<group>"; };
		FDEFF19E1CE879010062A2B7 /* NewDota2.app */ = {isa = PBXFileReference; explicitFileType = wrapper.application; includeInIndex = 0; path = NewDota2.app; sourceTree = BUILT_PRODUCTS_DIR; };
		FDEFF1A21CE879010062A2B7 /* main.m */ = {isa = PBXFileReference; lastKnownFileType = sourcecode.c.objc; path = main.m; sourceTree = "<group>"; };
		FDEFF1A41CE879010062A2B7 /* AppDelegate.h */ = {isa = PBXFileReference; lastKnownFileType = sourcecode.c.h; path = AppDelegate.h; sourceTree = "<group>"; };
		FDEFF1A51CE879010062A2B7 /* AppDelegate.m */ = {isa = PBXFileReference; lastKnownFileType = sourcecode.c.objc; path = AppDelegate.m; sourceTree = "<group>"; };
		FDEFF1AD1CE879010062A2B7 /* Assets.xcassets */ = {isa = PBXFileReference; lastKnownFileType = folder.assetcatalog; path = Assets.xcassets; sourceTree = "<group>"; };
		FDEFF1B01CE879010062A2B7 /* Base */ = {isa = PBXFileReference; lastKnownFileType = file.storyboard; name = Base; path = Base.lproj/LaunchScreen.storyboard; sourceTree = "<group>"; };
		FDEFF1B21CE879010062A2B7 /* Info.plist */ = {isa = PBXFileReference; lastKnownFileType = text.plist.xml; path = Info.plist; sourceTree = "<group>"; };
		FDEFF1B81CE9FA9F0062A2B7 /* MasterViewController.h */ = {isa = PBXFileReference; fileEncoding = 4; lastKnownFileType = sourcecode.c.h; path = MasterViewController.h; sourceTree = "<group>"; };
		FDEFF1B91CE9FA9F0062A2B7 /* MasterViewController.m */ = {isa = PBXFileReference; fileEncoding = 4; lastKnownFileType = sourcecode.c.objc; path = MasterViewController.m; sourceTree = "<group>"; };
/* End PBXFileReference section */

/* Begin PBXFrameworksBuildPhase section */
		FDEFF19B1CE879010062A2B7 /* Frameworks */ = {
			isa = PBXFrameworksBuildPhase;
			buildActionMask = 2147483647;
			files = (
				B08A9CF350C2929CC7C69BB0 /* libPods-NewDota2.a in Frameworks */,
			);
			runOnlyForDeploymentPostprocessing = 0;
		};
/* End PBXFrameworksBuildPhase section */

/* Begin PBXGroup section */
		5195D61DA6F3B6CCAD43543B /* Pods */ = {
			isa = PBXGroup;
			children = (
				33269D99303A063BDE384D44 /* Pods-NewDota2.debug.xcconfig */,
				C2E7DD3B3D12E4352D998EF2 /* Pods-NewDota2.release.xcconfig */,
			);
			name = Pods;
			sourceTree = "<group>";
		};
		EB8FF2DC7B98294363809487 /* Frameworks */ = {
			isa = PBXGroup;
			children = (
				DCAFD870C0EB5131F84FA211 /* libPods-NewDota2.a */,
			);
			name = Frameworks;
			sourceTree = "<group>";
		};
		FD35231C1D27B90F0056CC55 /* ViewControllers */ = {
			isa = PBXGroup;
			children = (
				FDEFF1B81CE9FA9F0062A2B7 /* MasterViewController.h */,
				FDEFF1B91CE9FA9F0062A2B7 /* MasterViewController.m */,
				FD3523231D2810040056CC55 /* DetailTableViewController.h */,
				FD3523241D2810040056CC55 /* DetailTableViewController.m */,
			);
			name = ViewControllers;
			sourceTree = "<group>";
		};
		FD35231D1D27B9230056CC55 /* Views */ = {
			isa = PBXGroup;
			children = (
				FD90722B1D1D6474003CAD5A /* HeroTableViewCell.h */,
				FD90722C1D1D6474003CAD5A /* HeroTableViewCell.m */,
				FD3523261D281BCB0056CC55 /* AbilityCell.h */,
				FD3523271D281BCB0056CC55 /* AbilityCell.m */,
				FD3523291D281BE70056CC55 /* BioCell.h */,
				FD35232A1D281BE70056CC55 /* BioCell.m */,
			);
			name = Views;
			sourceTree = "<group>";
		};
		FD35231E1D27B9370056CC55 /* Modals */ = {
			isa = PBXGroup;
			children = (
			);
			name = Modals;
			path = ..;
			sourceTree = "<group>";
		};
		FDEFF1951CE879010062A2B7 = {
			isa = PBXGroup;
			children = (
				FDEFF1A01CE879010062A2B7 /* NewDota2 */,
				FDEFF19F1CE879010062A2B7 /* Products */,
				5195D61DA6F3B6CCAD43543B /* Pods */,
				EB8FF2DC7B98294363809487 /* Frameworks */,
			);
			sourceTree = "<group>";
		};
		FDEFF19F1CE879010062A2B7 /* Products */ = {
			isa = PBXGroup;
			children = (
				FDEFF19E1CE879010062A2B7 /* NewDota2.app */,
			);
			name = Products;
			sourceTree = "<group>";
		};
		FDEFF1A01CE879010062A2B7 /* NewDota2 */ = {
			isa = PBXGroup;
			children = (
				FD35231E1D27B9370056CC55 /* Modals */,
				FD35231D1D27B9230056CC55 /* Views */,
				FD35231C1D27B90F0056CC55 /* ViewControllers */,
				FD35231A1D27B8F10056CC55 /* mainStoryboard.storyboard */,
				FD3523211D27BAC70056CC55 /* Heros.plist */,
				FDEFF1AD1CE879010062A2B7 /* Assets.xcassets */,
				FDEFF1A11CE879010062A2B7 /* Supporting Files */,
			);
			path = NewDota2;
			sourceTree = "<group>";
		};
		FDEFF1A11CE879010062A2B7 /* Supporting Files */ = {
			isa = PBXGroup;
			children = (
				FDEFF1A41CE879010062A2B7 /* AppDelegate.h */,
				FDEFF1A51CE879010062A2B7 /* AppDelegate.m */,
				FDEFF1AF1CE879010062A2B7 /* LaunchScreen.storyboard */,
				FDEFF1B21CE879010062A2B7 /* Info.plist */,
				FDEFF1A21CE879010062A2B7 /* main.m */,
			);
			name = "Supporting Files";
			sourceTree = "<group>";
		};
/* End PBXGroup section */

/* Begin PBXNativeTarget section */
		FDEFF19D1CE879010062A2B7 /* NewDota2 */ = {
			isa = PBXNativeTarget;
			buildConfigurationList = FDEFF1B51CE879010062A2B7 /* Build configuration list for PBXNativeTarget "NewDota2" */;
			buildPhases = (
				962C21C7C22C280433203DD8 /* [CP] Check Pods Manifest.lock */,
				FDEFF19A1CE879010062A2B7 /* Sources */,
				FDEFF19B1CE879010062A2B7 /* Frameworks */,
				FDEFF19C1CE879010062A2B7 /* Resources */,
				C5C45F43FF9A761B5AD09C3B /* [CP] Embed Pods Frameworks */,
				86CDFB01064544C9B033F75C /* [CP] Copy Pods Resources */,
			);
			buildRules = (
			);
			dependencies = (
			);
			name = NewDota2;
			productName = NewDota2;
			productReference = FDEFF19E1CE879010062A2B7 /* NewDota2.app */;
			productType = "com.apple.product-type.application";
		};
/* End PBXNativeTarget section */

/* Begin PBXProject section */
		FDEFF1961CE879010062A2B7 /* Project object */ = {
			isa = PBXProject;
			attributes = {
				LastUpgradeCheck = 0720;
				ORGANIZATIONNAME = thanksdanny;
				TargetAttributes = {
					FDEFF19D1CE879010062A2B7 = {
						CreatedOnToolsVersion = 7.2.1;
						DevelopmentTeam = TX6G2DNPWK;
					};
				};
			};
			buildConfigurationList = FDEFF1991CE879010062A2B7 /* Build configuration list for PBXProject "NewDota2" */;
			compatibilityVersion = "Xcode 3.2";
			developmentRegion = English;
			hasScannedForEncodings = 0;
			knownRegions = (
				en,
				Base,
			);
			mainGroup = FDEFF1951CE879010062A2B7;
			productRefGroup = FDEFF19F1CE879010062A2B7 /* Products */;
			projectDirPath = "";
			projectRoot = "";
			targets = (
				FDEFF19D1CE879010062A2B7 /* NewDota2 */,
			);
		};
/* End PBXProject section */

/* Begin PBXResourcesBuildPhase section */
		FDEFF19C1CE879010062A2B7 /* Resources */ = {
			isa = PBXResourcesBuildPhase;
			buildActionMask = 2147483647;
			files = (
				FDEFF1B11CE879010062A2B7 /* LaunchScreen.storyboard in Resources */,
				FDEFF1AE1CE879010062A2B7 /* Assets.xcassets in Resources */,
				FD3523221D27BAC70056CC55 /* Heros.plist in Resources */,
				FD35231B1D27B8F10056CC55 /* mainStoryboard.storyboard in Resources */,
			);
			runOnlyForDeploymentPostprocessing = 0;
		};
/* End PBXResourcesBuildPhase section */

/* Begin PBXShellScriptBuildPhase section */
		86CDFB01064544C9B033F75C /* [CP] Copy Pods Resources */ = {
			isa = PBXShellScriptBuildPhase;
			buildActionMask = 2147483647;
			files = (
			);
			inputPaths = (
			);
			name = "[CP] Copy Pods Resources";
			outputPaths = (
			);
			runOnlyForDeploymentPostprocessing = 0;
			shellPath = /bin/sh;
			shellScript = "\"${SRCROOT}/Pods/Target Support Files/Pods-NewDota2/Pods-NewDota2-resources.sh\"\n";
			showEnvVarsInLog = 0;
		};
		962C21C7C22C280433203DD8 /* [CP] Check Pods Manifest.lock */ = {
			isa = PBXShellScriptBuildPhase;
			buildActionMask = 2147483647;
			files = (
			);
			inputPaths = (
			);
			name = "[CP] Check Pods Manifest.lock";
			outputPaths = (
			);
			runOnlyForDeploymentPostprocessing = 0;
			shellPath = /bin/sh;
			shellScript = "diff \"${PODS_ROOT}/../Podfile.lock\" \"${PODS_ROOT}/Manifest.lock\" > /dev/null\nif [[ $? != 0 ]] ; then\n    cat << EOM\nerror: The sandbox is not in sync with the Podfile.lock. Run 'pod install' or update your CocoaPods installation.\nEOM\n    exit 1\nfi\n";
			showEnvVarsInLog = 0;
		};
		C5C45F43FF9A761B5AD09C3B /* [CP] Embed Pods Frameworks */ = {
			isa = PBXShellScriptBuildPhase;
			buildActionMask = 2147483647;
			files = (
			);
			inputPaths = (
			);
			name = "[CP] Embed Pods Frameworks";
			outputPaths = (
			);
			runOnlyForDeploymentPostprocessing = 0;
			shellPath = /bin/sh;
			shellScript = "\"${SRCROOT}/Pods/Target Support Files/Pods-NewDota2/Pods-NewDota2-frameworks.sh\"\n";
			showEnvVarsInLog = 0;
		};
/* End PBXShellScriptBuildPhase section */

/* Begin PBXSourcesBuildPhase section */
		FDEFF19A1CE879010062A2B7 /* Sources */ = {
			isa = PBXSourcesBuildPhase;
			buildActionMask = 2147483647;
			files = (
				FD3523251D2810040056CC55 /* DetailTableViewController.m in Sources */,
				FD35232B1D281BE70056CC55 /* BioCell.m in Sources */,
				FDEFF1A61CE879010062A2B7 /* AppDelegate.m in Sources */,
				FDEFF1BA1CE9FA9F0062A2B7 /* MasterViewController.m in Sources */,
				FDEFF1A31CE879010062A2B7 /* main.m in Sources */,
				FD3523281D281BCB0056CC55 /* AbilityCell.m in Sources */,
				FD90722D1D1D6474003CAD5A /* HeroTableViewCell.m in Sources */,
			);
			runOnlyForDeploymentPostprocessing = 0;
		};
/* End PBXSourcesBuildPhase section */

/* Begin PBXVariantGroup section */
		FDEFF1AF1CE879010062A2B7 /* LaunchScreen.storyboard */ = {
			isa = PBXVariantGroup;
			children = (
				FDEFF1B01CE879010062A2B7 /* Base */,
			);
			name = LaunchScreen.storyboard;
			sourceTree = "<group>";
		};
/* End PBXVariantGroup section */

/* Begin XCBuildConfiguration section */
		FDEFF1B31CE879010062A2B7 /* Debug */ = {
			isa = XCBuildConfiguration;
			buildSettings = {
				ALWAYS_SEARCH_USER_PATHS = NO;
				CLANG_CXX_LANGUAGE_STANDARD = "gnu++0x";
				CLANG_CXX_LIBRARY = "libc++";
				CLANG_ENABLE_MODULES = YES;
				CLANG_ENABLE_OBJC_ARC = YES;
				CLANG_WARN_BOOL_CONVERSION = YES;
				CLANG_WARN_CONSTANT_CONVERSION = YES;
				CLANG_WARN_DIRECT_OBJC_ISA_USAGE = YES_ERROR;
				CLANG_WARN_EMPTY_BODY = YES;
				CLANG_WARN_ENUM_CONVERSION = YES;
				CLANG_WARN_INT_CONVERSION = YES;
				CLANG_WARN_OBJC_ROOT_CLASS = YES_ERROR;
				CLANG_WARN_UNREACHABLE_CODE = YES;
				CLANG_WARN__DUPLICATE_METHOD_MATCH = YES;
				CODE_SIGN_IDENTITY = "iPhone Developer: hj_07@me.com (AYH3GDR8XE)";
				"CODE_SIGN_IDENTITY[sdk=iphoneos*]" = "iPhone Developer";
				COPY_PHASE_STRIP = NO;
				DEBUG_INFORMATION_FORMAT = dwarf;
				ENABLE_STRICT_OBJC_MSGSEND = YES;
				ENABLE_TESTABILITY = YES;
				GCC_C_LANGUAGE_STANDARD = gnu99;
				GCC_DYNAMIC_NO_PIC = NO;
				GCC_NO_COMMON_BLOCKS = YES;
				GCC_OPTIMIZATION_LEVEL = 0;
				GCC_PREPROCESSOR_DEFINITIONS = (
					"DEBUG=1",
					"$(inherited)",
				);
				GCC_WARN_64_TO_32_BIT_CONVERSION = YES;
				GCC_WARN_ABOUT_RETURN_TYPE = YES_ERROR;
				GCC_WARN_UNDECLARED_SELECTOR = YES;
				GCC_WARN_UNINITIALIZED_AUTOS = YES_AGGRESSIVE;
				GCC_WARN_UNUSED_FUNCTION = YES;
				GCC_WARN_UNUSED_VARIABLE = YES;
				IPHONEOS_DEPLOYMENT_TARGET = 9.2;
				MTL_ENABLE_DEBUG_INFO = YES;
				ONLY_ACTIVE_ARCH = YES;
				SDKROOT = iphoneos;
			};
			name = Debug;
		};
		FDEFF1B41CE879010062A2B7 /* Release */ = {
			isa = XCBuildConfiguration;
			buildSettings = {
				ALWAYS_SEARCH_USER_PATHS = NO;
				CLANG_CXX_LANGUAGE_STANDARD = "gnu++0x";
				CLANG_CXX_LIBRARY = "libc++";
				CLANG_ENABLE_MODULES = YES;
				CLANG_ENABLE_OBJC_ARC = YES;
				CLANG_WARN_BOOL_CONVERSION = YES;
				CLANG_WARN_CONSTANT_CONVERSION = YES;
				CLANG_WARN_DIRECT_OBJC_ISA_USAGE = YES_ERROR;
				CLANG_WARN_EMPTY_BODY = YES;
				CLANG_WARN_ENUM_CONVERSION = YES;
				CLANG_WARN_INT_CONVERSION = YES;
				CLANG_WARN_OBJC_ROOT_CLASS = YES_ERROR;
				CLANG_WARN_UNREACHABLE_CODE = YES;
				CLANG_WARN__DUPLICATE_METHOD_MATCH = YES;
				CODE_SIGN_IDENTITY = "iPhone Developer: hj_07@me.com (AYH3GDR8XE)";
				"CODE_SIGN_IDENTITY[sdk=iphoneos*]" = "iPhone Developer";
				COPY_PHASE_STRIP = NO;
				DEBUG_INFORMATION_FORMAT = "dwarf-with-dsym";
				ENABLE_NS_ASSERTIONS = NO;
				ENABLE_STRICT_OBJC_MSGSEND = YES;
				GCC_C_LANGUAGE_STANDARD = gnu99;
				GCC_NO_COMMON_BLOCKS = YES;
				GCC_WARN_64_TO_32_BIT_CONVERSION = YES;
				GCC_WARN_ABOUT_RETURN_TYPE = YES_ERROR;
				GCC_WARN_UNDECLARED_SELECTOR = YES;
				GCC_WARN_UNINITIALIZED_AUTOS = YES_AGGRESSIVE;
				GCC_WARN_UNUSED_FUNCTION = YES;
				GCC_WARN_UNUSED_VARIABLE = YES;
				IPHONEOS_DEPLOYMENT_TARGET = 9.2;
				MTL_ENABLE_DEBUG_INFO = NO;
				SDKROOT = iphoneos;
				VALIDATE_PRODUCT = YES;
			};
			name = Release;
		};
		FDEFF1B61CE879010062A2B7 /* Debug */ = {
			isa = XCBuildConfiguration;
			baseConfigurationReference = 33269D99303A063BDE384D44 /* Pods-NewDota2.debug.xcconfig */;
			buildSettings = {
				ASSETCATALOG_COMPILER_APPICON_NAME = AppIcon;
				INFOPLIST_FILE = NewDota2/Info.plist;
				LD_RUNPATH_SEARCH_PATHS = "$(inherited) @executable_path/Frameworks";
				PRODUCT_BUNDLE_IDENTIFIER = com.thanksdanny.NewDota2;
				PRODUCT_NAME = "$(TARGET_NAME)";
			};
			name = Debug;
		};
		FDEFF1B71CE879010062A2B7 /* Release */ = {
			isa = XCBuildConfiguration;
			baseConfigurationReference = C2E7DD3B3D12E4352D998EF2 /* Pods-NewDota2.release.xcconfig */;
			buildSettings = {
				ASSETCATALOG_COMPILER_APPICON_NAME = AppIcon;
				INFOPLIST_FILE = NewDota2/Info.plist;
				LD_RUNPATH_SEARCH_PATHS = "$(inherited) @executable_path/Frameworks";
				PRODUCT_BUNDLE_IDENTIFIER = com.thanksdanny.NewDota2;
				PRODUCT_NAME = "$(TARGET_NAME)";
			};
			name = Release;
		};
/* End XCBuildConfiguration section */

/* Begin XCConfigurationList section */
		FDEFF1991CE879010062A2B7 /* Build configuration list for PBXProject "NewDota2" */ = {
			isa = XCConfigurationList;
			buildConfigurations = (
				FDEFF1B31CE879010062A2B7 /* Debug */,
				FDEFF1B41CE879010062A2B7 /* Release */,
			);
			defaultConfigurationIsVisible = 0;
			defaultConfigurationName = Release;
		};
		FDEFF1B51CE879010062A2B7 /* Build configuration list for PBXNativeTarget "NewDota2" */ = {
			isa = XCConfigurationList;
			buildConfigurations = (
				FDEFF1B61CE879010062A2B7 /* Debug */,
				FDEFF1B71CE879010062A2B7 /* Release */,
			);
			defaultConfigurationIsVisible = 0;
			defaultConfigurationName = Release;
		};
/* End XCConfigurationList section */
	};
	rootObject = FDEFF1961CE879010062A2B7 /* Project object */;
}
