// !$*UTF8*$!
{
	archiveVersion = 1;
	classes = {
	};
	objectVersion = 46;
	objects = {

/* Begin PBXBuildFile section */
		FDEFF1A31CE879010062A2B7 /* main.m in Sources */ = {isa = PBXBuildFile; fileRef = FDEFF1A21CE879010062A2B7 /* main.m */; };
		FDEFF1A61CE879010062A2B7 /* AppDelegate.m in Sources */ = {isa = PBXBuildFile; fileRef = FDEFF1A51CE879010062A2B7 /* AppDelegate.m */; };
		FDEFF1AE1CE879010062A2B7 /* Assets.xcassets in Resources */ = {isa = PBXBuildFile; fileRef = FDEFF1AD1CE879010062A2B7 /* Assets.xcassets */; };
		FDEFF1B11CE879010062A2B7 /* LaunchScreen.storyboard in Resources */ = {isa = PBXBuildFile; fileRef = FDEFF1AF1CE879010062A2B7 /* LaunchScreen.storyboard */; };
		FDEFF1BA1CE9FA9F0062A2B7 /* MasterViewController.m in Sources */ = {isa = PBXBuildFile; fileRef = FDEFF1B91CE9FA9F0062A2B7 /* MasterViewController.m */; };
		FDEFF1BD1CEB3FA50062A2B7 /* DetailViewController.m in Sources */ = {isa = PBXBuildFile; fileRef = FDEFF1BC1CEB3FA50062A2B7 /* DetailViewController.m */; };
/* End PBXBuildFile section */

/* Begin PBXFileReference section */
		FDEFF19E1CE879010062A2B7 /* NewDota2.app */ = {isa = PBXFileReference; explicitFileType = wrapper.application; includeInIndex = 0; path = NewDota2.app; sourceTree = BUILT_PRODUCTS_DIR; };
		FDEFF1A21CE879010062A2B7 /* main.m */ = {isa = PBXFileReference; lastKnownFileType = sourcecode.c.objc; path = main.m; sourceTree = "<group>"; };
		FDEFF1A41CE879010062A2B7 /* AppDelegate.h */ = {isa = PBXFileReference; lastKnownFileType = sourcecode.c.h; path = AppDelegate.h; sourceTree = "<group>"; };
		FDEFF1A51CE879010062A2B7 /* AppDelegate.m */ = {isa = PBXFileReference; lastKnownFileType = sourcecode.c.objc; path = AppDelegate.m; sourceTree = "<group>"; };
		FDEFF1AD1CE879010062A2B7 /* Assets.xcassets */ = {isa = PBXFileReference; lastKnownFileType = folder.assetcatalog; path = Assets.xcassets; sourceTree = "<group>"; };
		FDEFF1B01CE879010062A2B7 /* Base */ = {isa = PBXFileReference; lastKnownFileType = file.storyboard; name = Base; path = Base.lproj/LaunchScreen.storyboard; sourceTree = "<group>"; };
		FDEFF1B21CE879010062A2B7 /* Info.plist */ = {isa = PBXFileReference; lastKnownFileType = text.plist.xml; path = Info.plist; sourceTree = "<group>"; };
		FDEFF1B81CE9FA9F0062A2B7 /* MasterViewController.h */ = {isa = PBXFileReference; fileEncoding = 4; lastKnownFileType = sourcecode.c.h; path = MasterViewController.h; sourceTree = "<group>"; };
		FDEFF1B91CE9FA9F0062A2B7 /* MasterViewController.m */ = {isa = PBXFileReference; fileEncoding = 4; lastKnownFileType = sourcecode.c.objc; path = MasterViewController.m; sourceTree = "<group>"; };
		FDEFF1BB1CEB3FA50062A2B7 /* DetailViewController.h */ = {isa = PBXFileReference; fileEncoding = 4; lastKnownFileType = sourcecode.c.h; path = DetailViewController.h; sourceTree = "<group>"; };
		FDEFF1BC1CEB3FA50062A2B7 /* DetailViewController.m */ = {isa = PBXFileReference; fileEncoding = 4; lastKnownFileType = sourcecode.c.objc; path = DetailViewController.m; sourceTree = "<group>"; };
/* End PBXFileReference section */

/* Begin PBXFrameworksBuildPhase section */
		FDEFF19B1CE879010062A2B7 /* Frameworks */ = {
			isa = PBXFrameworksBuildPhase;
			buildActionMask = 2147483647;
			files = (
			);
			runOnlyForDeploymentPostprocessing = 0;
		};
/* End PBXFrameworksBuildPhase section */

/* Begin PBXGroup section */
		FDEFF1951CE879010062A2B7 = {
			isa = PBXGroup;
			children = (
				FDEFF1A01CE879010062A2B7 /* NewDota2 */,
				FDEFF19F1CE879010062A2B7 /* Products */,
			);
			sourceTree = "<group>";
		};
		FDEFF19F1CE879010062A2B7 /* Products */ = {
			isa = PBXGroup;
			children = (
				FDEFF19E1CE879010062A2B7 /* NewDota2.app */,
			);
			name = Products;
			sourceTree = "<group>";
		};
		FDEFF1A01CE879010062A2B7 /* NewDota2 */ = {
			isa = PBXGroup;
			children = (
				FDEFF1A41CE879010062A2B7 /* AppDelegate.h */,
				FDEFF1A51CE879010062A2B7 /* AppDelegate.m */,
				FDEFF1B81CE9FA9F0062A2B7 /* MasterViewController.h */,
				FDEFF1B91CE9FA9F0062A2B7 /* MasterViewController.m */,
				FDEFF1BB1CEB3FA50062A2B7 /* DetailViewController.h */,
				FDEFF1BC1CEB3FA50062A2B7 /* DetailViewController.m */,
				FDEFF1AD1CE879010062A2B7 /* Assets.xcassets */,
				FDEFF1AF1CE879010062A2B7 /* LaunchScreen.storyboard */,
				FDEFF1B21CE879010062A2B7 /* Info.plist */,
				FDEFF1A11CE879010062A2B7 /* Supporting Files */,
			);
			path = NewDota2;
			sourceTree = "<group>";
		};
		FDEFF1A11CE879010062A2B7 /* Supporting Files */ = {
			isa = PBXGroup;
			children = (
				FDEFF1A21CE879010062A2B7 /* main.m */,
			);
			name = "Supporting Files";
			sourceTree = "<group>";
		};
/* End PBXGroup section */

/* Begin PBXNativeTarget section */
		FDEFF19D1CE879010062A2B7 /* NewDota2 */ = {
			isa = PBXNativeTarget;
			buildConfigurationList = FDEFF1B51CE879010062A2B7 /* Build configuration list for PBXNativeTarget "NewDota2" */;
			buildPhases = (
				FDEFF19A1CE879010062A2B7 /* Sources */,
				FDEFF19B1CE879010062A2B7 /* Frameworks */,
				FDEFF19C1CE879010062A2B7 /* Resources */,
			);
			buildRules = (
			);
			dependencies = (
			);
			name = NewDota2;
			productName = NewDota2;
			productReference = FDEFF19E1CE879010062A2B7 /* NewDota2.app */;
			productType = "com.apple.product-type.application";
		};
/* End PBXNativeTarget section */

/* Begin PBXProject section */
		FDEFF1961CE879010062A2B7 /* Project object */ = {
			isa = PBXProject;
			attributes = {
				LastUpgradeCheck = 0720;
				ORGANIZATIONNAME = thanksdanny;
				TargetAttributes = {
					FDEFF19D1CE879010062A2B7 = {
						CreatedOnToolsVersion = 7.2.1;
						DevelopmentTeam = TX6G2DNPWK;
					};
				};
			};
			buildConfigurationList = FDEFF1991CE879010062A2B7 /* Build configuration list for PBXProject "NewDota2" */;
			compatibilityVersion = "Xcode 3.2";
			developmentRegion = English;
			hasScannedForEncodings = 0;
			knownRegions = (
				en,
				Base,
			);
			mainGroup = FDEFF1951CE879010062A2B7;
			productRefGroup = FDEFF19F1CE879010062A2B7 /* Products */;
			projectDirPath = "";
			projectRoot = "";
			targets = (
				FDEFF19D1CE879010062A2B7 /* NewDota2 */,
			);
		};
/* End PBXProject section */

/* Begin PBXResourcesBuildPhase section */
		FDEFF19C1CE879010062A2B7 /* Resources */ = {
			isa = PBXResourcesBuildPhase;
			buildActionMask = 2147483647;
			files = (
				FDEFF1B11CE879010062A2B7 /* LaunchScreen.storyboard in Resources */,
				FDEFF1AE1CE879010062A2B7 /* Assets.xcassets in Resources */,
			);
			runOnlyForDeploymentPostprocessing = 0;
		};
/* End PBXResourcesBuildPhase section */

/* Begin PBXSourcesBuildPhase section */
		FDEFF19A1CE879010062A2B7 /* Sources */ = {
			isa = PBXSourcesBuildPhase;
			buildActionMask = 2147483647;
			files = (
				FDEFF1A61CE879010062A2B7 /* AppDelegate.m in Sources */,
				FDEFF1BA1CE9FA9F0062A2B7 /* MasterViewController.m in Sources */,
				FDEFF1A31CE879010062A2B7 /* main.m in Sources */,
				FDEFF1BD1CEB3FA50062A2B7 /* DetailViewController.m in Sources */,
			);
			runOnlyForDeploymentPostprocessing = 0;
		};
/* End PBXSourcesBuildPhase section */

/* Begin PBXVariantGroup section */
		FDEFF1AF1CE879010062A2B7 /* LaunchScreen.storyboard */ = {
			isa = PBXVariantGroup;
			children = (
				FDEFF1B01CE879010062A2B7 /* Base */,
			);
			name = LaunchScreen.storyboard;
			sourceTree = "<group>";
		};
/* End PBXVariantGroup section */

/* Begin XCBuildConfiguration section */
		FDEFF1B31CE879010062A2B7 /* Debug */ = {
			isa = XCBuildConfiguration;
			buildSettings = {
				ALWAYS_SEARCH_USER_PATHS = NO;
				CLANG_CXX_LANGUAGE_STANDARD = "gnu++0x";
				CLANG_CXX_LIBRARY = "libc++";
				CLANG_ENABLE_MODULES = YES;
				CLANG_ENABLE_OBJC_ARC = YES;
				CLANG_WARN_BOOL_CONVERSION = YES;
				CLANG_WARN_CONSTANT_CONVERSION = YES;
				CLANG_WARN_DIRECT_OBJC_ISA_USAGE = YES_ERROR;
				CLANG_WARN_EMPTY_BODY = YES;
				CLANG_WARN_ENUM_CONVERSION = YES;
				CLANG_WARN_INT_CONVERSION = YES;
				CLANG_WARN_OBJC_ROOT_CLASS = YES_ERROR;
				CLANG_WARN_UNREACHABLE_CODE = YES;
				CLANG_WARN__DUPLICATE_METHOD_MATCH = YES;
				CODE_SIGN_IDENTITY = "iPhone Developer: hj_07@me.com (AYH3GDR8XE)";
				"CODE_SIGN_IDENTITY[sdk=iphoneos*]" = "iPhone Developer";
				COPY_PHASE_STRIP = NO;
				DEBUG_INFORMATION_FORMAT = dwarf;
				ENABLE_STRICT_OBJC_MSGSEND = YES;
				ENABLE_TESTABILITY = YES;
				GCC_C_LANGUAGE_STANDARD = gnu99;
				GCC_DYNAMIC_NO_PIC = NO;
				GCC_NO_COMMON_BLOCKS = YES;
				GCC_OPTIMIZATION_LEVEL = 0;
				GCC_PREPROCESSOR_DEFINITIONS = (
					"DEBUG=1",
					"$(inherited)",
				);
				GCC_WARN_64_TO_32_BIT_CONVERSION = YES;
				GCC_WARN_ABOUT_RETURN_TYPE = YES_ERROR;
				GCC_WARN_UNDECLARED_SELECTOR = YES;
				GCC_WARN_UNINITIALIZED_AUTOS = YES_AGGRESSIVE;
				GCC_WARN_UNUSED_FUNCTION = YES;
				GCC_WARN_UNUSED_VARIABLE = YES;
				IPHONEOS_DEPLOYMENT_TARGET = 9.2;
				MTL_ENABLE_DEBUG_INFO = YES;
				ONLY_ACTIVE_ARCH = YES;
				SDKROOT = iphoneos;
			};
			name = Debug;
		};
		FDEFF1B41CE879010062A2B7 /* Release */ = {
			isa = XCBuildConfiguration;
			buildSettings = {
				ALWAYS_SEARCH_USER_PATHS = NO;
				CLANG_CXX_LANGUAGE_STANDARD = "gnu++0x";
				CLANG_CXX_LIBRARY = "libc++";
				CLANG_ENABLE_MODULES = YES;
				CLANG_ENABLE_OBJC_ARC = YES;
				CLANG_WARN_BOOL_CONVERSION = YES;
				CLANG_WARN_CONSTANT_CONVERSION = YES;
				CLANG_WARN_DIRECT_OBJC_ISA_USAGE = YES_ERROR;
				CLANG_WARN_EMPTY_BODY = YES;
				CLANG_WARN_ENUM_CONVERSION = YES;
				CLANG_WARN_INT_CONVERSION = YES;
				CLANG_WARN_OBJC_ROOT_CLASS = YES_ERROR;
				CLANG_WARN_UNREACHABLE_CODE = YES;
				CLANG_WARN__DUPLICATE_METHOD_MATCH = YES;
				CODE_SIGN_IDENTITY = "iPhone Developer: hj_07@me.com (AYH3GDR8XE)";
				"CODE_SIGN_IDENTITY[sdk=iphoneos*]" = "iPhone Developer";
				COPY_PHASE_STRIP = NO;
				DEBUG_INFORMATION_FORMAT = "dwarf-with-dsym";
				ENABLE_NS_ASSERTIONS = NO;
				ENABLE_STRICT_OBJC_MSGSEND = YES;
				GCC_C_LANGUAGE_STANDARD = gnu99;
				GCC_NO_COMMON_BLOCKS = YES;
				GCC_WARN_64_TO_32_BIT_CONVERSION = YES;
				GCC_WARN_ABOUT_RETURN_TYPE = YES_ERROR;
				GCC_WARN_UNDECLARED_SELECTOR = YES;
				GCC_WARN_UNINITIALIZED_AUTOS = YES_AGGRESSIVE;
				GCC_WARN_UNUSED_FUNCTION = YES;
				GCC_WARN_UNUSED_VARIABLE = YES;
				IPHONEOS_DEPLOYMENT_TARGET = 9.2;
				MTL_ENABLE_DEBUG_INFO = NO;
				SDKROOT = iphoneos;
				VALIDATE_PRODUCT = YES;
			};
			name = Release;
		};
		FDEFF1B61CE879010062A2B7 /* Debug */ = {
			isa = XCBuildConfiguration;
			buildSettings = {
				ASSETCATALOG_COMPILER_APPICON_NAME = AppIcon;
				INFOPLIST_FILE = NewDota2/Info.plist;
				LD_RUNPATH_SEARCH_PATHS = "$(inherited) @executable_path/Frameworks";
				PRODUCT_BUNDLE_IDENTIFIER = com.thanksdanny.NewDota2;
				PRODUCT_NAME = "$(TARGET_NAME)";
			};
			name = Debug;
		};
		FDEFF1B71CE879010062A2B7 /* Release */ = {
			isa = XCBuildConfiguration;
			buildSettings = {
				ASSETCATALOG_COMPILER_APPICON_NAME = AppIcon;
				INFOPLIST_FILE = NewDota2/Info.plist;
				LD_RUNPATH_SEARCH_PATHS = "$(inherited) @executable_path/Frameworks";
				PRODUCT_BUNDLE_IDENTIFIER = com.thanksdanny.NewDota2;
				PRODUCT_NAME = "$(TARGET_NAME)";
			};
			name = Release;
		};
/* End XCBuildConfiguration section */

/* Begin XCConfigurationList section */
		FDEFF1991CE879010062A2B7 /* Build configuration list for PBXProject "NewDota2" */ = {
			isa = XCConfigurationList;
			buildConfigurations = (
				FDEFF1B31CE879010062A2B7 /* Debug */,
				FDEFF1B41CE879010062A2B7 /* Release */,
			);
			defaultConfigurationIsVisible = 0;
			defaultConfigurationName = Release;
		};
		FDEFF1B51CE879010062A2B7 /* Build configuration list for PBXNativeTarget "NewDota2" */ = {
			isa = XCConfigurationList;
			buildConfigurations = (
				FDEFF1B61CE879010062A2B7 /* Debug */,
				FDEFF1B71CE879010062A2B7 /* Release */,
			);
			defaultConfigurationIsVisible = 0;
			defaultConfigurationName = Release;
		};
/* End XCConfigurationList section */
	};
	rootObject = FDEFF1961CE879010062A2B7 /* Project object */;
}
